
Microsoft Visual Studio Solution File, Format Version 12.00
# Visual Studio Version 16
VisualStudioVersion = 16.0.30011.22
MinimumVisualStudioVersion = 10.0.40219.1
Project("{FAE04EC0-301F-11D3-BF4B-00C04F79EFBC}") = "DataBinding", "DataBinding\DataBinding.csproj", "{6347A3CB-E128-4689-9D67-FB395BB1076E}"
EndProject
Project("{FAE04EC0-301F-11D3-BF4B-00C04F79EFBC}") = "DataGrid", "DataGrid\DataGrid.csproj", "{3074D269-EBE6-483B-917F-B4EB535FFA1C}"
EndProject
Project("{FAE04EC0-301F-11D3-BF4B-00C04F79EFBC}") = "Event", "Event\Event.csproj", "{7E1A8285-BE87-4168-9B4B-7C71DDDF3FD0}"
EndProject
Project("{FAE04EC0-301F-11D3-BF4B-00C04F79EFBC}") = "Exceptions", "Exceptions\Exceptions.csproj", "{4C6F8DC2-94D5-4A9D-ABC7-3FB4D0F3A4D3}"
EndProject
Global
	GlobalSection(SolutionConfigurationPlatforms) = preSolution
		Debug|Any CPU = Debug|Any CPU
		Release|Any CPU = Release|Any CPU
	EndGlobalSection
	GlobalSection(ProjectConfigurationPlatforms) = postSolution
		{6347A3CB-E128-4689-9D67-FB395BB1076E}.Debug|Any CPU.ActiveCfg = Debug|Any CPU
		{6347A3CB-E128-4689-9D67-FB395BB1076E}.Debug|Any CPU.Build.0 = Debug|Any CPU
		{6347A3CB-E128-4689-9D67-FB395BB1076E}.Release|Any CPU.ActiveCfg = Release|Any CPU
		{6347A3CB-E128-4689-9D67-FB395BB1076E}.Release|Any CPU.Build.0 = Release|Any CPU
		{3074D269-EBE6-483B-917F-B4EB535FFA1C}.Debug|Any CPU.ActiveCfg = Debug|Any CPU
		{3074D269-EBE6-483B-917F-B4EB535FFA1C}.Debug|Any CPU.Build.0 = Debug|Any CPU
		{3074D269-EBE6-483B-917F-B4EB535FFA1C}.Release|Any CPU.ActiveCfg = Release|Any CPU
		{3074D269-EBE6-483B-917F-B4EB535FFA1C}.Release|Any CPU.Build.0 = Release|Any CPU
		{7E1A8285-BE87-4168-9B4B-7C71DDDF3FD0}.Debug|Any CPU.ActiveCfg = Debug|Any CPU
		{7E1A8285-BE87-4168-9B4B-7C71DDDF3FD0}.Debug|Any CPU.Build.0 = Debug|Any CPU
		{7E1A8285-BE87-4168-9B4B-7C71DDDF3FD0}.Release|Any CPU.ActiveCfg = Release|Any CPU
		{7E1A8285-BE87-4168-9B4B-7C71DDDF3FD0}.Release|Any CPU.Build.0 = Release|Any CPU
		{4C6F8DC2-94D5-4A9D-ABC7-3FB4D0F3A4D3}.Debug|Any CPU.ActiveCfg = Debug|Any CPU
		{4C6F8DC2-94D5-4A9D-ABC7-3FB4D0F3A4D3}.Debug|Any CPU.Build.0 = Debug|Any CPU
		{4C6F8DC2-94D5-4A9D-ABC7-3FB4D0F3A4D3}.Release|Any CPU.ActiveCfg = Release|Any CPU
		{4C6F8DC2-94D5-4A9D-ABC7-3FB4D0F3A4D3}.Release|Any CPU.Build.0 = Release|Any CPU
	EndGlobalSection
	GlobalSection(SolutionProperties) = preSolution
		HideSolutionNode = FALSE
	EndGlobalSection
	GlobalSection(ExtensibilityGlobals) = postSolution
		SolutionGuid = {D41A1C99-6EFB-4737-9CFF-52EC043B0297}
	EndGlobalSection
EndGlobal
