
Microsoft Visual Studio Solution File, Format Version 12.00
# Visual Studio Version 16
VisualStudioVersion = 16.0.30011.22
MinimumVisualStudioVersion = 10.0.40219.1
Project("{FAE04EC0-301F-11D3-BF4B-00C04F79EFBC}") = "UnityContainerDemo", "UnityContainerDemo.csproj", "{C198F82E-1703-4C85-932D-824ACFF5DF87}"
EndProject
Global
	GlobalSection(SolutionConfigurationPlatforms) = preSolution
		Debug|Any CPU = Debug|Any CPU
		Release|Any CPU = Release|Any CPU
	EndGlobalSection
	GlobalSection(ProjectConfigurationPlatforms) = postSolution
		{C198F82E-1703-4C85-932D-824ACFF5DF87}.Debug|Any CPU.ActiveCfg = Debug|Any CPU
		{C198F82E-1703-4C85-932D-824ACFF5DF87}.Debug|Any CPU.Build.0 = Debug|Any CPU
		{C198F82E-1703-4C85-932D-824ACFF5DF87}.Release|Any CPU.ActiveCfg = Release|Any CPU
		{C198F82E-1703-4C85-932D-824ACFF5DF87}.Release|Any CPU.Build.0 = Release|Any CPU
	EndGlobalSection
	GlobalSection(SolutionProperties) = preSolution
		HideSolutionNode = FALSE
	EndGlobalSection
	GlobalSection(ExtensibilityGlobals) = postSolution
		SolutionGuid = {C5D40CC7-62E0-4E62-8754-1C3F34F1F193}
	EndGlobalSection
EndGlobal
