
Microsoft Visual Studio Solution File, Format Version 12.00
# Visual Studio Version 16
VisualStudioVersion = 16.0.30711.63
MinimumVisualStudioVersion = 10.0.40219.1
Project("{9A19103F-16F7-4668-BE54-9A1E7A4F7556}") = "BusinessLayer", "BusinessLayer\BusinessLayer.csproj", "{5C3B4E7A-B5D3-4A67-A8BB-61BCD037A737}"
EndProject
Project("{9A19103F-16F7-4668-BE54-9A1E7A4F7556}") = "DataLayer", "DataLayer\DataLayer.csproj", "{1FA5C021-4E66-416F-8D89-6A7E39E9384C}"
EndProject
Project("{9A19103F-16F7-4668-BE54-9A1E7A4F7556}") = "RestAPI", "RestAPI\RestAPI.csproj", "{0806BB55-9019-447A-ACFE-7587E55A4F5E}"
EndProject
Project("{FAE04EC0-301F-11D3-BF4B-00C04F79EFBC}") = "Tests", "Tests\Tests.csproj", "{6DF80E6A-1DDA-4D51-8ECD-30C8405A234A}"
EndProject
Global
	GlobalSection(SolutionConfigurationPlatforms) = preSolution
		Debug|Any CPU = Debug|Any CPU
		Release|Any CPU = Release|Any CPU
	EndGlobalSection
	GlobalSection(ProjectConfigurationPlatforms) = postSolution
		{5C3B4E7A-B5D3-4A67-A8BB-61BCD037A737}.Debug|Any CPU.ActiveCfg = Debug|Any CPU
		{5C3B4E7A-B5D3-4A67-A8BB-61BCD037A737}.Debug|Any CPU.Build.0 = Debug|Any CPU
		{5C3B4E7A-B5D3-4A67-A8BB-61BCD037A737}.Release|Any CPU.ActiveCfg = Release|Any CPU
		{5C3B4E7A-B5D3-4A67-A8BB-61BCD037A737}.Release|Any CPU.Build.0 = Release|Any CPU
		{1FA5C021-4E66-416F-8D89-6A7E39E9384C}.Debug|Any CPU.ActiveCfg = Debug|Any CPU
		{1FA5C021-4E66-416F-8D89-6A7E39E9384C}.Debug|Any CPU.Build.0 = Debug|Any CPU
		{1FA5C021-4E66-416F-8D89-6A7E39E9384C}.Release|Any CPU.ActiveCfg = Release|Any CPU
		{1FA5C021-4E66-416F-8D89-6A7E39E9384C}.Release|Any CPU.Build.0 = Release|Any CPU
		{0806BB55-9019-447A-ACFE-7587E55A4F5E}.Debug|Any CPU.ActiveCfg = Debug|Any CPU
		{0806BB55-9019-447A-ACFE-7587E55A4F5E}.Debug|Any CPU.Build.0 = Debug|Any CPU
		{0806BB55-9019-447A-ACFE-7587E55A4F5E}.Release|Any CPU.ActiveCfg = Release|Any CPU
		{0806BB55-9019-447A-ACFE-7587E55A4F5E}.Release|Any CPU.Build.0 = Release|Any CPU
		{6DF80E6A-1DDA-4D51-8ECD-30C8405A234A}.Debug|Any CPU.ActiveCfg = Debug|Any CPU
		{6DF80E6A-1DDA-4D51-8ECD-30C8405A234A}.Debug|Any CPU.Build.0 = Debug|Any CPU
		{6DF80E6A-1DDA-4D51-8ECD-30C8405A234A}.Release|Any CPU.ActiveCfg = Release|Any CPU
		{6DF80E6A-1DDA-4D51-8ECD-30C8405A234A}.Release|Any CPU.Build.0 = Release|Any CPU
	EndGlobalSection
	GlobalSection(SolutionProperties) = preSolution
		HideSolutionNode = FALSE
	EndGlobalSection
	GlobalSection(ExtensibilityGlobals) = postSolution
		SolutionGuid = {5EA70D77-754C-49CE-AD3C-43C745D9FD0F}
	EndGlobalSection
EndGlobal
